{
  "version": 4,
  "terraform_version": "1.14.2",
  "serial": 25,
  "lineage": "45a3acad-1292-1b24-a726-911ad2fe8245",
  "outputs": {},
  "resources": [
    {
      "mode": "managed",
      "type": "aws_vpc",
      "name": "main_vpc",
      "provider": "provider[\"registry.terraform.io/hashicorp/aws\"]",
      "instances": [
        {
          "schema_version": 1,
          "attributes": {
            "arn": "arn:aws:ec2:us-east-1:203606796547:vpc/vpc-0d95ff360ea4e40aa",
            "assign_generated_ipv6_cidr_block": false,
            "cidr_block": "10.0.0.0/16",
            "default_network_acl_id": "acl-00607e253fe6297c0",
            "default_route_table_id": "rtb-056f2148f71f0c835",
            "default_security_group_id": "sg-04e48a04f26144c8d",
            "dhcp_options_id": "dopt-0308afb9eb9eeadc0",
            "enable_dns_hostnames": true,
            "enable_dns_support": true,
            "enable_network_address_usage_metrics": false,
            "id": "vpc-0d95ff360ea4e40aa",
            "instance_tenancy": "default",
            "ipv4_ipam_pool_id": null,
            "ipv4_netmask_length": null,
            "ipv6_association_id": "",
            "ipv6_cidr_block": "",
            "ipv6_cidr_block_network_border_group": "",
            "ipv6_ipam_pool_id": "",
            "ipv6_netmask_length": 0,
            "main_route_table_id": "rtb-056f2148f71f0c835",
            "owner_id": "203606796547",
            "tags": {
              "Name": "VPC-AssetGuard-UCE"
            },
            "tags_all": {
              "Name": "VPC-AssetGuard-UCE"
            }
          },
          "sensitive_attributes": [],
          "identity_schema_version": 0,
          "private": "eyJzY2hlbWFfdmVyc2lvbiI6IjEifQ=="
        }
      ]
    }
  ],
  "check_results": null
}
